// !$*UTF8*$!
{
	archiveVersion = 1;
	classes = {
	};
	objectVersion = 50;
	objects = {

/* Begin PBXBuildFile section */
		D529A75D26391F93009D118A /* AppDelegate.swift in Sources */ = {isa = PBXBuildFile; fileRef = D529A75C26391F93009D118A /* AppDelegate.swift */; };
		D529A75F26391F93009D118A /* SceneDelegate.swift in Sources */ = {isa = PBXBuildFile; fileRef = D529A75E26391F93009D118A /* SceneDelegate.swift */; };
		D529A76126391F93009D118A /* TripWallets.swift in Sources */ = {isa = PBXBuildFile; fileRef = D529A76026391F93009D118A /* TripWallets.swift */; };
		D529A76426391F93009D118A /* Main.storyboard in Resources */ = {isa = PBXBuildFile; fileRef = D529A76226391F93009D118A /* Main.storyboard */; };
		D529A76726391F93009D118A /* Trallet.xcdatamodeld in Sources */ = {isa = PBXBuildFile; fileRef = D529A76526391F93009D118A /* Trallet.xcdatamodeld */; };
		D529A76926391F95009D118A /* Assets.xcassets in Resources */ = {isa = PBXBuildFile; fileRef = D529A76826391F95009D118A /* Assets.xcassets */; };
		D529A76C26391F95009D118A /* LaunchScreen.storyboard in Resources */ = {isa = PBXBuildFile; fileRef = D529A76A26391F95009D118A /* LaunchScreen.storyboard */; };
		D5B8E985263A652100BC192F /* NewWalletController.swift in Sources */ = {isa = PBXBuildFile; fileRef = D5B8E984263A652100BC192F /* NewWalletController.swift */; };
		D5B8E988263A676E00BC192F /* WalletThumbnailController.swift in Sources */ = {isa = PBXBuildFile; fileRef = D5B8E987263A676E00BC192F /* WalletThumbnailController.swift */; };
		D5B8E98B263A69C600BC192F /* WalletDetailController.swift in Sources */ = {isa = PBXBuildFile; fileRef = D5B8E98A263A69C600BC192F /* WalletDetailController.swift */; };
		D5B8E98E263A6B1C00BC192F /* NewTransactionController.swift in Sources */ = {isa = PBXBuildFile; fileRef = D5B8E98D263A6B1C00BC192F /* NewTransactionController.swift */; };
		D5B8E991263A6B4700BC192F /* TransactionCategoriesController.swift in Sources */ = {isa = PBXBuildFile; fileRef = D5B8E990263A6B4600BC192F /* TransactionCategoriesController.swift */; };
		D5B8E99B263A8D1100BC192F /* CircleThumbnailView.swift in Sources */ = {isa = PBXBuildFile; fileRef = D5B8E99A263A8D1100BC192F /* CircleThumbnailView.swift */; };
		D5B8E99F263A8D3400BC192F /* NewWalletHeaderCell.swift in Sources */ = {isa = PBXBuildFile; fileRef = D5B8E99E263A8D3400BC192F /* NewWalletHeaderCell.swift */; };
		D5B8E9A2263A966300BC192F /* SwitchCell.swift in Sources */ = {isa = PBXBuildFile; fileRef = D5B8E9A1263A966300BC192F /* SwitchCell.swift */; };
		D5B8E9A5263A96A900BC192F /* DateTimePickerCell.swift in Sources */ = {isa = PBXBuildFile; fileRef = D5B8E9A4263A96A900BC192F /* DateTimePickerCell.swift */; };
		D5B8E9A8263ABC2500BC192F /* CircularButton.swift in Sources */ = {isa = PBXBuildFile; fileRef = D5B8E9A7263ABC2500BC192F /* CircularButton.swift */; };
/* End PBXBuildFile section */

/* Begin PBXFileReference section */
		D529A75926391F93009D118A /* Trallet.app */ = {isa = PBXFileReference; explicitFileType = wrapper.application; includeInIndex = 0; path = Trallet.app; sourceTree = BUILT_PRODUCTS_DIR; };
		D529A75C26391F93009D118A /* AppDelegate.swift */ = {isa = PBXFileReference; lastKnownFileType = sourcecode.swift; path = AppDelegate.swift; sourceTree = "<group>"; };
		D529A75E26391F93009D118A /* SceneDelegate.swift */ = {isa = PBXFileReference; lastKnownFileType = sourcecode.swift; path = SceneDelegate.swift; sourceTree = "<group>"; };
		D529A76026391F93009D118A /* TripWallets.swift */ = {isa = PBXFileReference; lastKnownFileType = sourcecode.swift; path = TripWallets.swift; sourceTree = "<group>"; };
		D529A76326391F93009D118A /* Base */ = {isa = PBXFileReference; lastKnownFileType = file.storyboard; name = Base; path = Base.lproj/Main.storyboard; sourceTree = "<group>"; };
		D529A76626391F93009D118A /* Trallet.xcdatamodel */ = {isa = PBXFileReference; lastKnownFileType = wrapper.xcdatamodel; path = Trallet.xcdatamodel; sourceTree = "<group>"; };
		D529A76826391F95009D118A /* Assets.xcassets */ = {isa = PBXFileReference; lastKnownFileType = folder.assetcatalog; path = Assets.xcassets; sourceTree = "<group>"; };
		D529A76B26391F95009D118A /* Base */ = {isa = PBXFileReference; lastKnownFileType = file.storyboard; name = Base; path = Base.lproj/LaunchScreen.storyboard; sourceTree = "<group>"; };
		D529A76D26391F95009D118A /* Info.plist */ = {isa = PBXFileReference; lastKnownFileType = text.plist.xml; path = Info.plist; sourceTree = "<group>"; };
		D5B8E984263A652100BC192F /* NewWalletController.swift */ = {isa = PBXFileReference; lastKnownFileType = sourcecode.swift; path = NewWalletController.swift; sourceTree = "<group>"; };
		D5B8E987263A676E00BC192F /* WalletThumbnailController.swift */ = {isa = PBXFileReference; lastKnownFileType = sourcecode.swift; path = WalletThumbnailController.swift; sourceTree = "<group>"; };
		D5B8E98A263A69C600BC192F /* WalletDetailController.swift */ = {isa = PBXFileReference; lastKnownFileType = sourcecode.swift; path = WalletDetailController.swift; sourceTree = "<group>"; };
		D5B8E98D263A6B1C00BC192F /* NewTransactionController.swift */ = {isa = PBXFileReference; lastKnownFileType = sourcecode.swift; path = NewTransactionController.swift; sourceTree = "<group>"; };
		D5B8E990263A6B4600BC192F /* TransactionCategoriesController.swift */ = {isa = PBXFileReference; lastKnownFileType = sourcecode.swift; path = TransactionCategoriesController.swift; sourceTree = "<group>"; };
		D5B8E99A263A8D1100BC192F /* CircleThumbnailView.swift */ = {isa = PBXFileReference; lastKnownFileType = sourcecode.swift; path = CircleThumbnailView.swift; sourceTree = "<group>"; };
		D5B8E99E263A8D3400BC192F /* NewWalletHeaderCell.swift */ = {isa = PBXFileReference; lastKnownFileType = sourcecode.swift; path = NewWalletHeaderCell.swift; sourceTree = "<group>"; };
		D5B8E9A1263A966300BC192F /* SwitchCell.swift */ = {isa = PBXFileReference; lastKnownFileType = sourcecode.swift; path = SwitchCell.swift; sourceTree = "<group>"; };
		D5B8E9A4263A96A900BC192F /* DateTimePickerCell.swift */ = {isa = PBXFileReference; lastKnownFileType = sourcecode.swift; path = DateTimePickerCell.swift; sourceTree = "<group>"; };
		D5B8E9A7263ABC2500BC192F /* CircularButton.swift */ = {isa = PBXFileReference; lastKnownFileType = sourcecode.swift; path = CircularButton.swift; sourceTree = "<group>"; };
/* End PBXFileReference section */

/* Begin PBXFrameworksBuildPhase section */
		D529A75626391F93009D118A /* Frameworks */ = {
			isa = PBXFrameworksBuildPhase;
			buildActionMask = 2147483647;
			files = (
			);
			runOnlyForDeploymentPostprocessing = 0;
		};
/* End PBXFrameworksBuildPhase section */

/* Begin PBXGroup section */
		D529A75026391F93009D118A = {
			isa = PBXGroup;
			children = (
				D529A75B26391F93009D118A /* Trallet */,
				D529A75A26391F93009D118A /* Products */,
			);
			sourceTree = "<group>";
		};
		D529A75A26391F93009D118A /* Products */ = {
			isa = PBXGroup;
			children = (
				D529A75926391F93009D118A /* Trallet.app */,
			);
			name = Products;
			sourceTree = "<group>";
		};
		D529A75B26391F93009D118A /* Trallet */ = {
			isa = PBXGroup;
			children = (
				D5B8E97D263A630900BC192F /* Supporting Files */,
				D5B8E97C263A62F500BC192F /* Models */,
				D5B8E978263A629800BC192F /* Views */,
				D5B8E97A263A62E200BC192F /* Controllers */,
			);
			path = Trallet;
			sourceTree = "<group>";
		};
		D5B8E978263A629800BC192F /* Views */ = {
			isa = PBXGroup;
			children = (
				D529A76226391F93009D118A /* Main.storyboard */,
				D529A76A26391F95009D118A /* LaunchScreen.storyboard */,
			);
			path = Views;
			sourceTree = "<group>";
		};
		D5B8E97A263A62E200BC192F /* Controllers */ = {
			isa = PBXGroup;
			children = (
				D5B8E998263A8CD800BC192F /* Custom View */,
				D529A76026391F93009D118A /* TripWallets.swift */,
				D5B8E984263A652100BC192F /* NewWalletController.swift */,
				D5B8E987263A676E00BC192F /* WalletThumbnailController.swift */,
				D5B8E98A263A69C600BC192F /* WalletDetailController.swift */,
				D5B8E98D263A6B1C00BC192F /* NewTransactionController.swift */,
				D5B8E990263A6B4600BC192F /* TransactionCategoriesController.swift */,
			);
			path = Controllers;
			sourceTree = "<group>";
		};
		D5B8E97C263A62F500BC192F /* Models */ = {
			isa = PBXGroup;
			children = (
				D529A76526391F93009D118A /* Trallet.xcdatamodeld */,
			);
			path = Models;
			sourceTree = "<group>";
		};
		D5B8E97D263A630900BC192F /* Supporting Files */ = {
			isa = PBXGroup;
			children = (
				D529A75C26391F93009D118A /* AppDelegate.swift */,
				D529A75E26391F93009D118A /* SceneDelegate.swift */,
				D529A76826391F95009D118A /* Assets.xcassets */,
				D529A76D26391F95009D118A /* Info.plist */,
			);
			path = "Supporting Files";
			sourceTree = "<group>";
		};
		D5B8E998263A8CD800BC192F /* Custom View */ = {
			isa = PBXGroup;
			children = (
				D5B8E999263A8CE900BC192F /* TableView */,
				D5B8E99A263A8D1100BC192F /* CircleThumbnailView.swift */,
				D5B8E9A7263ABC2500BC192F /* CircularButton.swift */,
			);
			path = "Custom View";
			sourceTree = "<group>";
		};
		D5B8E999263A8CE900BC192F /* TableView */ = {
			isa = PBXGroup;
			children = (
				D5B8E99E263A8D3400BC192F /* NewWalletHeaderCell.swift */,
				D5B8E9A1263A966300BC192F /* SwitchCell.swift */,
				D5B8E9A4263A96A900BC192F /* DateTimePickerCell.swift */,
			);
			path = TableView;
			sourceTree = "<group>";
		};
/* End PBXGroup section */

/* Begin PBXNativeTarget section */
		D529A75826391F93009D118A /* Trallet */ = {
			isa = PBXNativeTarget;
			buildConfigurationList = D529A77026391F95009D118A /* Build configuration list for PBXNativeTarget "Trallet" */;
			buildPhases = (
				D529A75526391F93009D118A /* Sources */,
				D529A75626391F93009D118A /* Frameworks */,
				D529A75726391F93009D118A /* Resources */,
			);
			buildRules = (
			);
			dependencies = (
			);
			name = Trallet;
			productName = Trallet;
			productReference = D529A75926391F93009D118A /* Trallet.app */;
			productType = "com.apple.product-type.application";
		};
/* End PBXNativeTarget section */

/* Begin PBXProject section */
		D529A75126391F93009D118A /* Project object */ = {
			isa = PBXProject;
			attributes = {
				LastSwiftUpdateCheck = 1240;
				LastUpgradeCheck = 1240;
				TargetAttributes = {
					D529A75826391F93009D118A = {
						CreatedOnToolsVersion = 12.4;
					};
				};
			};
			buildConfigurationList = D529A75426391F93009D118A /* Build configuration list for PBXProject "Trallet" */;
			compatibilityVersion = "Xcode 9.3";
			developmentRegion = en;
			hasScannedForEncodings = 0;
			knownRegions = (
				en,
				Base,
			);
			mainGroup = D529A75026391F93009D118A;
			productRefGroup = D529A75A26391F93009D118A /* Products */;
			projectDirPath = "";
			projectRoot = "";
			targets = (
				D529A75826391F93009D118A /* Trallet */,
			);
		};
/* End PBXProject section */

/* Begin PBXResourcesBuildPhase section */
		D529A75726391F93009D118A /* Resources */ = {
			isa = PBXResourcesBuildPhase;
			buildActionMask = 2147483647;
			files = (
				D529A76C26391F95009D118A /* LaunchScreen.storyboard in Resources */,
				D529A76926391F95009D118A /* Assets.xcassets in Resources */,
				D529A76426391F93009D118A /* Main.storyboard in Resources */,
			);
			runOnlyForDeploymentPostprocessing = 0;
		};
/* End PBXResourcesBuildPhase section */

/* Begin PBXSourcesBuildPhase section */
		D529A75526391F93009D118A /* Sources */ = {
			isa = PBXSourcesBuildPhase;
			buildActionMask = 2147483647;
			files = (
				D529A76726391F93009D118A /* Trallet.xcdatamodeld in Sources */,
				D5B8E98B263A69C600BC192F /* WalletDetailController.swift in Sources */,
				D529A76126391F93009D118A /* TripWallets.swift in Sources */,
				D529A75D26391F93009D118A /* AppDelegate.swift in Sources */,
				D5B8E988263A676E00BC192F /* WalletThumbnailController.swift in Sources */,
				D5B8E9A2263A966300BC192F /* SwitchCell.swift in Sources */,
				D5B8E9A8263ABC2500BC192F /* CircularButton.swift in Sources */,
				D5B8E9A5263A96A900BC192F /* DateTimePickerCell.swift in Sources */,
				D5B8E98E263A6B1C00BC192F /* NewTransactionController.swift in Sources */,
				D529A75F26391F93009D118A /* SceneDelegate.swift in Sources */,
				D5B8E99B263A8D1100BC192F /* CircleThumbnailView.swift in Sources */,
				D5B8E99F263A8D3400BC192F /* NewWalletHeaderCell.swift in Sources */,
				D5B8E991263A6B4700BC192F /* TransactionCategoriesController.swift in Sources */,
				D5B8E985263A652100BC192F /* NewWalletController.swift in Sources */,
			);
			runOnlyForDeploymentPostprocessing = 0;
		};
/* End PBXSourcesBuildPhase section */

/* Begin PBXVariantGroup section */
		D529A76226391F93009D118A /* Main.storyboard */ = {
			isa = PBXVariantGroup;
			children = (
				D529A76326391F93009D118A /* Base */,
			);
			name = Main.storyboard;
			sourceTree = "<group>";
		};
		D529A76A26391F95009D118A /* LaunchScreen.storyboard */ = {
			isa = PBXVariantGroup;
			children = (
				D529A76B26391F95009D118A /* Base */,
			);
			name = LaunchScreen.storyboard;
			sourceTree = "<group>";
		};
/* End PBXVariantGroup section */

/* Begin XCBuildConfiguration section */
		D529A76E26391F95009D118A /* Debug */ = {
			isa = XCBuildConfiguration;
			buildSettings = {
				ALWAYS_SEARCH_USER_PATHS = NO;
				CLANG_ANALYZER_NONNULL = YES;
				CLANG_ANALYZER_NUMBER_OBJECT_CONVERSION = YES_AGGRESSIVE;
				CLANG_CXX_LANGUAGE_STANDARD = "gnu++14";
				CLANG_CXX_LIBRARY = "libc++";
				CLANG_ENABLE_MODULES = YES;
				CLANG_ENABLE_OBJC_ARC = YES;
				CLANG_ENABLE_OBJC_WEAK = YES;
				CLANG_WARN_BLOCK_CAPTURE_AUTORELEASING = YES;
				CLANG_WARN_BOOL_CONVERSION = YES;
				CLANG_WARN_COMMA = YES;
				CLANG_WARN_CONSTANT_CONVERSION = YES;
				CLANG_WARN_DEPRECATED_OBJC_IMPLEMENTATIONS = YES;
				CLANG_WARN_DIRECT_OBJC_ISA_USAGE = YES_ERROR;
				CLANG_WARN_DOCUMENTATION_COMMENTS = YES;
				CLANG_WARN_EMPTY_BODY = YES;
				CLANG_WARN_ENUM_CONVERSION = YES;
				CLANG_WARN_INFINITE_RECURSION = YES;
				CLANG_WARN_INT_CONVERSION = YES;
				CLANG_WARN_NON_LITERAL_NULL_CONVERSION = YES;
				CLANG_WARN_OBJC_IMPLICIT_RETAIN_SELF = YES;
				CLANG_WARN_OBJC_LITERAL_CONVERSION = YES;
				CLANG_WARN_OBJC_ROOT_CLASS = YES_ERROR;
				CLANG_WARN_QUOTED_INCLUDE_IN_FRAMEWORK_HEADER = YES;
				CLANG_WARN_RANGE_LOOP_ANALYSIS = YES;
				CLANG_WARN_STRICT_PROTOTYPES = YES;
				CLANG_WARN_SUSPICIOUS_MOVE = YES;
				CLANG_WARN_UNGUARDED_AVAILABILITY = YES_AGGRESSIVE;
				CLANG_WARN_UNREACHABLE_CODE = YES;
				CLANG_WARN__DUPLICATE_METHOD_MATCH = YES;
				COPY_PHASE_STRIP = NO;
				DEBUG_INFORMATION_FORMAT = dwarf;
				ENABLE_STRICT_OBJC_MSGSEND = YES;
				ENABLE_TESTABILITY = YES;
				GCC_C_LANGUAGE_STANDARD = gnu11;
				GCC_DYNAMIC_NO_PIC = NO;
				GCC_NO_COMMON_BLOCKS = YES;
				GCC_OPTIMIZATION_LEVEL = 0;
				GCC_PREPROCESSOR_DEFINITIONS = (
					"DEBUG=1",
					"$(inherited)",
				);
				GCC_WARN_64_TO_32_BIT_CONVERSION = YES;
				GCC_WARN_ABOUT_RETURN_TYPE = YES_ERROR;
				GCC_WARN_UNDECLARED_SELECTOR = YES;
				GCC_WARN_UNINITIALIZED_AUTOS = YES_AGGRESSIVE;
				GCC_WARN_UNUSED_FUNCTION = YES;
				GCC_WARN_UNUSED_VARIABLE = YES;
				IPHONEOS_DEPLOYMENT_TARGET = 13.0;
				MTL_ENABLE_DEBUG_INFO = INCLUDE_SOURCE;
				MTL_FAST_MATH = YES;
				ONLY_ACTIVE_ARCH = YES;
				SDKROOT = iphoneos;
				SWIFT_ACTIVE_COMPILATION_CONDITIONS = DEBUG;
				SWIFT_OPTIMIZATION_LEVEL = "-Onone";
			};
			name = Debug;
		};
		D529A76F26391F95009D118A /* Release */ = {
			isa = XCBuildConfiguration;
			buildSettings = {
				ALWAYS_SEARCH_USER_PATHS = NO;
				CLANG_ANALYZER_NONNULL = YES;
				CLANG_ANALYZER_NUMBER_OBJECT_CONVERSION = YES_AGGRESSIVE;
				CLANG_CXX_LANGUAGE_STANDARD = "gnu++14";
				CLANG_CXX_LIBRARY = "libc++";
				CLANG_ENABLE_MODULES = YES;
				CLANG_ENABLE_OBJC_ARC = YES;
				CLANG_ENABLE_OBJC_WEAK = YES;
				CLANG_WARN_BLOCK_CAPTURE_AUTORELEASING = YES;
				CLANG_WARN_BOOL_CONVERSION = YES;
				CLANG_WARN_COMMA = YES;
				CLANG_WARN_CONSTANT_CONVERSION = YES;
				CLANG_WARN_DEPRECATED_OBJC_IMPLEMENTATIONS = YES;
				CLANG_WARN_DIRECT_OBJC_ISA_USAGE = YES_ERROR;
				CLANG_WARN_DOCUMENTATION_COMMENTS = YES;
				CLANG_WARN_EMPTY_BODY = YES;
				CLANG_WARN_ENUM_CONVERSION = YES;
				CLANG_WARN_INFINITE_RECURSION = YES;
				CLANG_WARN_INT_CONVERSION = YES;
				CLANG_WARN_NON_LITERAL_NULL_CONVERSION = YES;
				CLANG_WARN_OBJC_IMPLICIT_RETAIN_SELF = YES;
				CLANG_WARN_OBJC_LITERAL_CONVERSION = YES;
				CLANG_WARN_OBJC_ROOT_CLASS = YES_ERROR;
				CLANG_WARN_QUOTED_INCLUDE_IN_FRAMEWORK_HEADER = YES;
				CLANG_WARN_RANGE_LOOP_ANALYSIS = YES;
				CLANG_WARN_STRICT_PROTOTYPES = YES;
				CLANG_WARN_SUSPICIOUS_MOVE = YES;
				CLANG_WARN_UNGUARDED_AVAILABILITY = YES_AGGRESSIVE;
				CLANG_WARN_UNREACHABLE_CODE = YES;
				CLANG_WARN__DUPLICATE_METHOD_MATCH = YES;
				COPY_PHASE_STRIP = NO;
				DEBUG_INFORMATION_FORMAT = "dwarf-with-dsym";
				ENABLE_NS_ASSERTIONS = NO;
				ENABLE_STRICT_OBJC_MSGSEND = YES;
				GCC_C_LANGUAGE_STANDARD = gnu11;
				GCC_NO_COMMON_BLOCKS = YES;
				GCC_WARN_64_TO_32_BIT_CONVERSION = YES;
				GCC_WARN_ABOUT_RETURN_TYPE = YES_ERROR;
				GCC_WARN_UNDECLARED_SELECTOR = YES;
				GCC_WARN_UNINITIALIZED_AUTOS = YES_AGGRESSIVE;
				GCC_WARN_UNUSED_FUNCTION = YES;
				GCC_WARN_UNUSED_VARIABLE = YES;
				IPHONEOS_DEPLOYMENT_TARGET = 13.0;
				MTL_ENABLE_DEBUG_INFO = NO;
				MTL_FAST_MATH = YES;
				SDKROOT = iphoneos;
				SWIFT_COMPILATION_MODE = wholemodule;
				SWIFT_OPTIMIZATION_LEVEL = "-O";
				VALIDATE_PRODUCT = YES;
			};
			name = Release;
		};
		D529A77126391F95009D118A /* Debug */ = {
			isa = XCBuildConfiguration;
			buildSettings = {
				ASSETCATALOG_COMPILER_APPICON_NAME = AppIcon;
				ASSETCATALOG_COMPILER_GLOBAL_ACCENT_COLOR_NAME = AccentColor;
				CODE_SIGN_STYLE = Automatic;
				DEVELOPMENT_TEAM = SCZQ3M4JVY;
				INFOPLIST_FILE = "Trallet/Supporting Files/Info.plist";
				LD_RUNPATH_SEARCH_PATHS = (
					"$(inherited)",
					"@executable_path/Frameworks",
				);
				PRODUCT_BUNDLE_IDENTIFIER = com.nicholas.Trallet;
				PRODUCT_NAME = "$(TARGET_NAME)";
				SWIFT_VERSION = 5.0;
				TARGETED_DEVICE_FAMILY = "1,2";
			};
			name = Debug;
		};
		D529A77226391F95009D118A /* Release */ = {
			isa = XCBuildConfiguration;
			buildSettings = {
				ASSETCATALOG_COMPILER_APPICON_NAME = AppIcon;
				ASSETCATALOG_COMPILER_GLOBAL_ACCENT_COLOR_NAME = AccentColor;
				CODE_SIGN_STYLE = Automatic;
				DEVELOPMENT_TEAM = SCZQ3M4JVY;
				INFOPLIST_FILE = "Trallet/Supporting Files/Info.plist";
				LD_RUNPATH_SEARCH_PATHS = (
					"$(inherited)",
					"@executable_path/Frameworks",
				);
				PRODUCT_BUNDLE_IDENTIFIER = com.nicholas.Trallet;
				PRODUCT_NAME = "$(TARGET_NAME)";
				SWIFT_VERSION = 5.0;
				TARGETED_DEVICE_FAMILY = "1,2";
			};
			name = Release;
		};
/* End XCBuildConfiguration section */

/* Begin XCConfigurationList section */
		D529A75426391F93009D118A /* Build configuration list for PBXProject "Trallet" */ = {
			isa = XCConfigurationList;
			buildConfigurations = (
				D529A76E26391F95009D118A /* Debug */,
				D529A76F26391F95009D118A /* Release */,
			);
			defaultConfigurationIsVisible = 0;
			defaultConfigurationName = Release;
		};
		D529A77026391F95009D118A /* Build configuration list for PBXNativeTarget "Trallet" */ = {
			isa = XCConfigurationList;
			buildConfigurations = (
				D529A77126391F95009D118A /* Debug */,
				D529A77226391F95009D118A /* Release */,
			);
			defaultConfigurationIsVisible = 0;
			defaultConfigurationName = Release;
		};
/* End XCConfigurationList section */

/* Begin XCVersionGroup section */
		D529A76526391F93009D118A /* Trallet.xcdatamodeld */ = {
			isa = XCVersionGroup;
			children = (
				D529A76626391F93009D118A /* Trallet.xcdatamodel */,
			);
			currentVersion = D529A76626391F93009D118A /* Trallet.xcdatamodel */;
			path = Trallet.xcdatamodeld;
			sourceTree = "<group>";
			versionGroupType = wrapper.xcdatamodel;
		};
/* End XCVersionGroup section */
	};
	rootObject = D529A75126391F93009D118A /* Project object */;
}
