// !$*UTF8*$!
{
	archiveVersion = 1;
	classes = {
	};
	objectVersion = 50;
	objects = {

/* Begin PBXBuildFile section */
		D5005CD426E1F1F200F482B0 /* TralletStorage.swift in Sources */ = {isa = PBXBuildFile; fileRef = D5005CD326E1F1F200F482B0 /* TralletStorage.swift */; };
		D5005CD626E22A6C00F482B0 /* AmountMoneyInput.swift in Sources */ = {isa = PBXBuildFile; fileRef = D5005CD526E22A6C00F482B0 /* AmountMoneyInput.swift */; };
		D5005CD826E22EA400F482B0 /* CurrencyTextField.swift in Sources */ = {isa = PBXBuildFile; fileRef = D5005CD726E22EA400F482B0 /* CurrencyTextField.swift */; };
		D50D40F126FE17A70022B053 /* InfoView.swift in Sources */ = {isa = PBXBuildFile; fileRef = D50D40F026FE17A70022B053 /* InfoView.swift */; };
		D51B2ED6263C19B2004D5413 /* CurrencyPicker.swift in Sources */ = {isa = PBXBuildFile; fileRef = D51B2ED5263C19B2004D5413 /* CurrencyPicker.swift */; };
		D51B2ED8263C4522004D5413 /* MoneyConversionCell.swift in Sources */ = {isa = PBXBuildFile; fileRef = D51B2ED7263C4522004D5413 /* MoneyConversionCell.swift */; };
		D52165F1264920430038BAD1 /* SelectLocationViewController.swift in Sources */ = {isa = PBXBuildFile; fileRef = D52165F0264920430038BAD1 /* SelectLocationViewController.swift */; };
		D529A75D26391F93009D118A /* AppDelegate.swift in Sources */ = {isa = PBXBuildFile; fileRef = D529A75C26391F93009D118A /* AppDelegate.swift */; };
		D529A75F26391F93009D118A /* SceneDelegate.swift in Sources */ = {isa = PBXBuildFile; fileRef = D529A75E26391F93009D118A /* SceneDelegate.swift */; };
		D529A76126391F93009D118A /* TripWallets.swift in Sources */ = {isa = PBXBuildFile; fileRef = D529A76026391F93009D118A /* TripWallets.swift */; };
		D529A76426391F93009D118A /* Main.storyboard in Resources */ = {isa = PBXBuildFile; fileRef = D529A76226391F93009D118A /* Main.storyboard */; };
		D529A76726391F93009D118A /* Trallet.xcdatamodeld in Sources */ = {isa = PBXBuildFile; fileRef = D529A76526391F93009D118A /* Trallet.xcdatamodeld */; };
		D529A76926391F95009D118A /* Assets.xcassets in Resources */ = {isa = PBXBuildFile; fileRef = D529A76826391F95009D118A /* Assets.xcassets */; };
		D5305BEC26D65E9A00C70065 /* WalletRowViewModel.swift in Sources */ = {isa = PBXBuildFile; fileRef = D5305BEB26D65E9A00C70065 /* WalletRowViewModel.swift */; };
		D5305BEE26D65EC600C70065 /* WalletRowGrid.swift in Sources */ = {isa = PBXBuildFile; fileRef = D5305BED26D65EC600C70065 /* WalletRowGrid.swift */; };
		D5305BF126D660C300C70065 /* ThumbAndName.swift in Sources */ = {isa = PBXBuildFile; fileRef = D5305BF026D660C300C70065 /* ThumbAndName.swift */; };
		D530CC392649601100A0F6AF /* LocationManager.swift in Sources */ = {isa = PBXBuildFile; fileRef = D530CC382649601100A0F6AF /* LocationManager.swift */; };
		D5358A56263DA21800332F7A /* JSONModel.swift in Sources */ = {isa = PBXBuildFile; fileRef = D5358A55263DA21800332F7A /* JSONModel.swift */; };
		D5358A5A263E6AC300332F7A /* TransactionHistoryCell.swift in Sources */ = {isa = PBXBuildFile; fileRef = D5358A58263E6AC300332F7A /* TransactionHistoryCell.swift */; };
		D5358A5B263E6AC300332F7A /* TransactionHistoryCell.xib in Resources */ = {isa = PBXBuildFile; fileRef = D5358A59263E6AC300332F7A /* TransactionHistoryCell.xib */; };
		D5358A5D263EA10000332F7A /* TransactionHistoryHeader.xib in Resources */ = {isa = PBXBuildFile; fileRef = D5358A5C263EA10000332F7A /* TransactionHistoryHeader.xib */; };
		D5358A61263EB91400332F7A /* TransactionFooter.xib in Resources */ = {isa = PBXBuildFile; fileRef = D5358A60263EB91400332F7A /* TransactionFooter.xib */; };
		D536C40D26D39A190030E704 /* AddEditWalletView.swift in Sources */ = {isa = PBXBuildFile; fileRef = D536C40C26D39A190030E704 /* AddEditWalletView.swift */; };
		D536C41326D39B570030E704 /* NavigationContainer.swift in Sources */ = {isa = PBXBuildFile; fileRef = D536C41226D39B570030E704 /* NavigationContainer.swift */; };
		D536C41526D39CEB0030E704 /* AddEditWalletViewModel.swift in Sources */ = {isa = PBXBuildFile; fileRef = D536C41426D39CEB0030E704 /* AddEditWalletViewModel.swift */; };
		D536C41826D3A65D0030E704 /* WalletInfoView.swift in Sources */ = {isa = PBXBuildFile; fileRef = D536C41726D3A65D0030E704 /* WalletInfoView.swift */; };
		D54260E126D0D626004208E9 /* MyWalletsView.swift in Sources */ = {isa = PBXBuildFile; fileRef = D54260E026D0D626004208E9 /* MyWalletsView.swift */; };
		D54260E526D120B3004208E9 /* UIBackgroundContainer.swift in Sources */ = {isa = PBXBuildFile; fileRef = D54260E426D120B3004208E9 /* UIBackgroundContainer.swift */; };
		D54F1051263C5FC500E42BCF /* CoreDataHelper.swift in Sources */ = {isa = PBXBuildFile; fileRef = D54F1050263C5FC500E42BCF /* CoreDataHelper.swift */; };
		D55DF32626EB3E7000FBF829 /* WalletInfoViewModel.swift in Sources */ = {isa = PBXBuildFile; fileRef = D55DF32526EB3E7000FBF829 /* WalletInfoViewModel.swift */; };
		D560D141264105EB00F284BB /* TableCollectionViewExtension.swift in Sources */ = {isa = PBXBuildFile; fileRef = D560D140264105EB00F284BB /* TableCollectionViewExtension.swift */; };
		D560D14326412FA800F284BB /* TransactionDetailController.swift in Sources */ = {isa = PBXBuildFile; fileRef = D560D14226412FA800F284BB /* TransactionDetailController.swift */; };
		D5664E09263BF08500DCB7F6 /* WalletStatusCell.swift in Sources */ = {isa = PBXBuildFile; fileRef = D5664E08263BF08500DCB7F6 /* WalletStatusCell.swift */; };
		D5664E0B263C062600DCB7F6 /* WalletCell.swift in Sources */ = {isa = PBXBuildFile; fileRef = D5664E0A263C062600DCB7F6 /* WalletCell.swift */; };
		D5664E0D263C0D6200DCB7F6 /* AmountMoneyCell.swift in Sources */ = {isa = PBXBuildFile; fileRef = D5664E0C263C0D6200DCB7F6 /* AmountMoneyCell.swift */; };
		D5A1F47C263FCC38004B037E /* TransactionAmountSpentCell.swift in Sources */ = {isa = PBXBuildFile; fileRef = D5A1F47B263FCC38004B037E /* TransactionAmountSpentCell.swift */; };
		D5A1F47E263FE667004B037E /* TransactionNotesCell.swift in Sources */ = {isa = PBXBuildFile; fileRef = D5A1F47D263FE667004B037E /* TransactionNotesCell.swift */; };
		D5A1F48126404425004B037E /* AttachmentCell.swift in Sources */ = {isa = PBXBuildFile; fileRef = D5A1F48026404425004B037E /* AttachmentCell.swift */; };
		D5B8E985263A652100BC192F /* NewWalletController.swift in Sources */ = {isa = PBXBuildFile; fileRef = D5B8E984263A652100BC192F /* NewWalletController.swift */; };
		D5B8E988263A676E00BC192F /* WalletThumbnailController.swift in Sources */ = {isa = PBXBuildFile; fileRef = D5B8E987263A676E00BC192F /* WalletThumbnailController.swift */; };
		D5B8E98B263A69C600BC192F /* WalletDetailController.swift in Sources */ = {isa = PBXBuildFile; fileRef = D5B8E98A263A69C600BC192F /* WalletDetailController.swift */; };
		D5B8E98E263A6B1C00BC192F /* NewTransactionController.swift in Sources */ = {isa = PBXBuildFile; fileRef = D5B8E98D263A6B1C00BC192F /* NewTransactionController.swift */; };
		D5B8E991263A6B4700BC192F /* TransactionCategoriesController.swift in Sources */ = {isa = PBXBuildFile; fileRef = D5B8E990263A6B4600BC192F /* TransactionCategoriesController.swift */; };
		D5B8E99B263A8D1100BC192F /* CircleThumbnailView.swift in Sources */ = {isa = PBXBuildFile; fileRef = D5B8E99A263A8D1100BC192F /* CircleThumbnailView.swift */; };
		D5B8E99F263A8D3400BC192F /* NewWalletHeaderCell.swift in Sources */ = {isa = PBXBuildFile; fileRef = D5B8E99E263A8D3400BC192F /* NewWalletHeaderCell.swift */; };
		D5B8E9A2263A966300BC192F /* SwitchCell.swift in Sources */ = {isa = PBXBuildFile; fileRef = D5B8E9A1263A966300BC192F /* SwitchCell.swift */; };
		D5B8E9A5263A96A900BC192F /* DateTimePickerCell.swift in Sources */ = {isa = PBXBuildFile; fileRef = D5B8E9A4263A96A900BC192F /* DateTimePickerCell.swift */; };
		D5B8E9A8263ABC2500BC192F /* CircularButton.swift in Sources */ = {isa = PBXBuildFile; fileRef = D5B8E9A7263ABC2500BC192F /* CircularButton.swift */; };
		D5BAB34426D2611F004D51C0 /* MyWalletsViewModel.swift in Sources */ = {isa = PBXBuildFile; fileRef = D5BAB34326D2611F004D51C0 /* MyWalletsViewModel.swift */; };
		D5BAB34926D265E3004D51C0 /* WalletRowInline.swift in Sources */ = {isa = PBXBuildFile; fileRef = D5BAB34826D265E3004D51C0 /* WalletRowInline.swift */; };
		D5C372EF26D28D73003674B2 /* ThumbnailSquare.swift in Sources */ = {isa = PBXBuildFile; fileRef = D5C372EE26D28D73003674B2 /* ThumbnailSquare.swift */; };
		D5CCAF61264E6DF100002F9D /* AnnotationView.xib in Resources */ = {isa = PBXBuildFile; fileRef = D5CCAF60264E6DF100002F9D /* AnnotationView.xib */; };
		D5CEF9DB26EB4A2C00A5DAC6 /* Localizable.strings in Resources */ = {isa = PBXBuildFile; fileRef = D5CEF9DD26EB4A2C00A5DAC6 /* Localizable.strings */; };
		D5CF9F4726E5DA1600FD3AA7 /* EditThumbView.swift in Sources */ = {isa = PBXBuildFile; fileRef = D5CF9F4626E5DA1600FD3AA7 /* EditThumbView.swift */; };
		D5CF9F4D26E612BB00FD3AA7 /* Character+Extensions.swift in Sources */ = {isa = PBXBuildFile; fileRef = D5CF9F4C26E612BB00FD3AA7 /* Character+Extensions.swift */; };
		D5CF9F4F26E612E900FD3AA7 /* String+Extension.swift in Sources */ = {isa = PBXBuildFile; fileRef = D5CF9F4E26E612E900FD3AA7 /* String+Extension.swift */; };
		D5DC6B7D26422FC300414B30 /* Launch Screen.storyboard in Resources */ = {isa = PBXBuildFile; fileRef = D5DC6B7C26422FC300414B30 /* Launch Screen.storyboard */; };
		D5DC6B7F2642305300414B30 /* OrangeTextField.swift in Sources */ = {isa = PBXBuildFile; fileRef = D5DC6B7E2642305300414B30 /* OrangeTextField.swift */; };
		D5EB79A026E234D100ED69DA /* MoneyConversionInput.swift in Sources */ = {isa = PBXBuildFile; fileRef = D5EB799F26E234D100ED69DA /* MoneyConversionInput.swift */; };
		D5FA484E26E48688001F9CA0 /* UserDefaultsModel.swift in Sources */ = {isa = PBXBuildFile; fileRef = D5FA484D26E48688001F9CA0 /* UserDefaultsModel.swift */; };
/* End PBXBuildFile section */

/* Begin PBXFileReference section */
		D5005CD326E1F1F200F482B0 /* TralletStorage.swift */ = {isa = PBXFileReference; lastKnownFileType = sourcecode.swift; path = TralletStorage.swift; sourceTree = "<group>"; };
		D5005CD526E22A6C00F482B0 /* AmountMoneyInput.swift */ = {isa = PBXFileReference; lastKnownFileType = sourcecode.swift; path = AmountMoneyInput.swift; sourceTree = "<group>"; };
		D5005CD726E22EA400F482B0 /* CurrencyTextField.swift */ = {isa = PBXFileReference; lastKnownFileType = sourcecode.swift; path = CurrencyTextField.swift; sourceTree = "<group>"; };
		D50D40F026FE17A70022B053 /* InfoView.swift */ = {isa = PBXFileReference; lastKnownFileType = sourcecode.swift; path = InfoView.swift; sourceTree = "<group>"; };
		D51B2ED5263C19B2004D5413 /* CurrencyPicker.swift */ = {isa = PBXFileReference; lastKnownFileType = sourcecode.swift; path = CurrencyPicker.swift; sourceTree = "<group>"; };
		D51B2ED7263C4522004D5413 /* MoneyConversionCell.swift */ = {isa = PBXFileReference; lastKnownFileType = sourcecode.swift; path = MoneyConversionCell.swift; sourceTree = "<group>"; };
		D52165F0264920430038BAD1 /* SelectLocationViewController.swift */ = {isa = PBXFileReference; lastKnownFileType = sourcecode.swift; path = SelectLocationViewController.swift; sourceTree = "<group>"; };
		D529A75926391F93009D118A /* Trallet.app */ = {isa = PBXFileReference; explicitFileType = wrapper.application; includeInIndex = 0; path = Trallet.app; sourceTree = BUILT_PRODUCTS_DIR; };
		D529A75C26391F93009D118A /* AppDelegate.swift */ = {isa = PBXFileReference; lastKnownFileType = sourcecode.swift; path = AppDelegate.swift; sourceTree = "<group>"; };
		D529A75E26391F93009D118A /* SceneDelegate.swift */ = {isa = PBXFileReference; lastKnownFileType = sourcecode.swift; path = SceneDelegate.swift; sourceTree = "<group>"; };
		D529A76026391F93009D118A /* TripWallets.swift */ = {isa = PBXFileReference; lastKnownFileType = sourcecode.swift; path = TripWallets.swift; sourceTree = "<group>"; };
		D529A76626391F93009D118A /* Trallet.xcdatamodel */ = {isa = PBXFileReference; lastKnownFileType = wrapper.xcdatamodel; path = Trallet.xcdatamodel; sourceTree = "<group>"; };
		D529A76826391F95009D118A /* Assets.xcassets */ = {isa = PBXFileReference; lastKnownFileType = folder.assetcatalog; path = Assets.xcassets; sourceTree = "<group>"; };
		D529A76D26391F95009D118A /* Info.plist */ = {isa = PBXFileReference; lastKnownFileType = text.plist.xml; path = Info.plist; sourceTree = "<group>"; };
		D5305BEB26D65E9A00C70065 /* WalletRowViewModel.swift */ = {isa = PBXFileReference; lastKnownFileType = sourcecode.swift; path = WalletRowViewModel.swift; sourceTree = "<group>"; };
		D5305BED26D65EC600C70065 /* WalletRowGrid.swift */ = {isa = PBXFileReference; lastKnownFileType = sourcecode.swift; path = WalletRowGrid.swift; sourceTree = "<group>"; };
		D5305BF026D660C300C70065 /* ThumbAndName.swift */ = {isa = PBXFileReference; lastKnownFileType = sourcecode.swift; path = ThumbAndName.swift; sourceTree = "<group>"; };
		D530CC382649601100A0F6AF /* LocationManager.swift */ = {isa = PBXFileReference; lastKnownFileType = sourcecode.swift; path = LocationManager.swift; sourceTree = "<group>"; };
		D5358A55263DA21800332F7A /* JSONModel.swift */ = {isa = PBXFileReference; lastKnownFileType = sourcecode.swift; path = JSONModel.swift; sourceTree = "<group>"; };
		D5358A58263E6AC300332F7A /* TransactionHistoryCell.swift */ = {isa = PBXFileReference; lastKnownFileType = sourcecode.swift; path = TransactionHistoryCell.swift; sourceTree = "<group>"; };
		D5358A59263E6AC300332F7A /* TransactionHistoryCell.xib */ = {isa = PBXFileReference; lastKnownFileType = file.xib; path = TransactionHistoryCell.xib; sourceTree = "<group>"; };
		D5358A5C263EA10000332F7A /* TransactionHistoryHeader.xib */ = {isa = PBXFileReference; lastKnownFileType = file.xib; path = TransactionHistoryHeader.xib; sourceTree = "<group>"; };
		D5358A60263EB91400332F7A /* TransactionFooter.xib */ = {isa = PBXFileReference; lastKnownFileType = file.xib; path = TransactionFooter.xib; sourceTree = "<group>"; };
		D536C40C26D39A190030E704 /* AddEditWalletView.swift */ = {isa = PBXFileReference; lastKnownFileType = sourcecode.swift; path = AddEditWalletView.swift; sourceTree = "<group>"; };
		D536C41226D39B570030E704 /* NavigationContainer.swift */ = {isa = PBXFileReference; lastKnownFileType = sourcecode.swift; path = NavigationContainer.swift; sourceTree = "<group>"; };
		D536C41426D39CEB0030E704 /* AddEditWalletViewModel.swift */ = {isa = PBXFileReference; lastKnownFileType = sourcecode.swift; path = AddEditWalletViewModel.swift; sourceTree = "<group>"; };
		D536C41726D3A65D0030E704 /* WalletInfoView.swift */ = {isa = PBXFileReference; lastKnownFileType = sourcecode.swift; path = WalletInfoView.swift; sourceTree = "<group>"; };
		D54260E026D0D626004208E9 /* MyWalletsView.swift */ = {isa = PBXFileReference; lastKnownFileType = sourcecode.swift; path = MyWalletsView.swift; sourceTree = "<group>"; };
		D54260E426D120B3004208E9 /* UIBackgroundContainer.swift */ = {isa = PBXFileReference; lastKnownFileType = sourcecode.swift; path = UIBackgroundContainer.swift; sourceTree = "<group>"; };
		D54F1050263C5FC500E42BCF /* CoreDataHelper.swift */ = {isa = PBXFileReference; lastKnownFileType = sourcecode.swift; path = CoreDataHelper.swift; sourceTree = "<group>"; };
		D55DF32526EB3E7000FBF829 /* WalletInfoViewModel.swift */ = {isa = PBXFileReference; lastKnownFileType = sourcecode.swift; path = WalletInfoViewModel.swift; sourceTree = "<group>"; };
		D560D140264105EB00F284BB /* TableCollectionViewExtension.swift */ = {isa = PBXFileReference; lastKnownFileType = sourcecode.swift; path = TableCollectionViewExtension.swift; sourceTree = "<group>"; };
		D560D14226412FA800F284BB /* TransactionDetailController.swift */ = {isa = PBXFileReference; lastKnownFileType = sourcecode.swift; path = TransactionDetailController.swift; sourceTree = "<group>"; };
		D5664E08263BF08500DCB7F6 /* WalletStatusCell.swift */ = {isa = PBXFileReference; lastKnownFileType = sourcecode.swift; path = WalletStatusCell.swift; sourceTree = "<group>"; };
		D5664E0A263C062600DCB7F6 /* WalletCell.swift */ = {isa = PBXFileReference; lastKnownFileType = sourcecode.swift; path = WalletCell.swift; sourceTree = "<group>"; };
		D5664E0C263C0D6200DCB7F6 /* AmountMoneyCell.swift */ = {isa = PBXFileReference; lastKnownFileType = sourcecode.swift; path = AmountMoneyCell.swift; sourceTree = "<group>"; };
		D5A1F47B263FCC38004B037E /* TransactionAmountSpentCell.swift */ = {isa = PBXFileReference; lastKnownFileType = sourcecode.swift; path = TransactionAmountSpentCell.swift; sourceTree = "<group>"; };
		D5A1F47D263FE667004B037E /* TransactionNotesCell.swift */ = {isa = PBXFileReference; lastKnownFileType = sourcecode.swift; path = TransactionNotesCell.swift; sourceTree = "<group>"; };
		D5A1F48026404425004B037E /* AttachmentCell.swift */ = {isa = PBXFileReference; lastKnownFileType = sourcecode.swift; path = AttachmentCell.swift; sourceTree = "<group>"; };
		D5B8E984263A652100BC192F /* NewWalletController.swift */ = {isa = PBXFileReference; lastKnownFileType = sourcecode.swift; path = NewWalletController.swift; sourceTree = "<group>"; };
		D5B8E987263A676E00BC192F /* WalletThumbnailController.swift */ = {isa = PBXFileReference; lastKnownFileType = sourcecode.swift; path = WalletThumbnailController.swift; sourceTree = "<group>"; };
		D5B8E98A263A69C600BC192F /* WalletDetailController.swift */ = {isa = PBXFileReference; lastKnownFileType = sourcecode.swift; path = WalletDetailController.swift; sourceTree = "<group>"; };
		D5B8E98D263A6B1C00BC192F /* NewTransactionController.swift */ = {isa = PBXFileReference; lastKnownFileType = sourcecode.swift; path = NewTransactionController.swift; sourceTree = "<group>"; };
		D5B8E990263A6B4600BC192F /* TransactionCategoriesController.swift */ = {isa = PBXFileReference; lastKnownFileType = sourcecode.swift; path = TransactionCategoriesController.swift; sourceTree = "<group>"; };
		D5B8E99A263A8D1100BC192F /* CircleThumbnailView.swift */ = {isa = PBXFileReference; lastKnownFileType = sourcecode.swift; path = CircleThumbnailView.swift; sourceTree = "<group>"; };
		D5B8E99E263A8D3400BC192F /* NewWalletHeaderCell.swift */ = {isa = PBXFileReference; lastKnownFileType = sourcecode.swift; path = NewWalletHeaderCell.swift; sourceTree = "<group>"; };
		D5B8E9A1263A966300BC192F /* SwitchCell.swift */ = {isa = PBXFileReference; lastKnownFileType = sourcecode.swift; path = SwitchCell.swift; sourceTree = "<group>"; };
		D5B8E9A4263A96A900BC192F /* DateTimePickerCell.swift */ = {isa = PBXFileReference; lastKnownFileType = sourcecode.swift; path = DateTimePickerCell.swift; sourceTree = "<group>"; };
		D5B8E9A7263ABC2500BC192F /* CircularButton.swift */ = {isa = PBXFileReference; lastKnownFileType = sourcecode.swift; path = CircularButton.swift; sourceTree = "<group>"; };
		D5BAB34326D2611F004D51C0 /* MyWalletsViewModel.swift */ = {isa = PBXFileReference; lastKnownFileType = sourcecode.swift; path = MyWalletsViewModel.swift; sourceTree = "<group>"; };
		D5BAB34826D265E3004D51C0 /* WalletRowInline.swift */ = {isa = PBXFileReference; lastKnownFileType = sourcecode.swift; path = WalletRowInline.swift; sourceTree = "<group>"; };
		D5C372EE26D28D73003674B2 /* ThumbnailSquare.swift */ = {isa = PBXFileReference; lastKnownFileType = sourcecode.swift; path = ThumbnailSquare.swift; sourceTree = "<group>"; };
		D5CCAF60264E6DF100002F9D /* AnnotationView.xib */ = {isa = PBXFileReference; lastKnownFileType = file.xib; path = AnnotationView.xib; sourceTree = "<group>"; };
		D5CEF9D726EB495B00A5DAC6 /* id */ = {isa = PBXFileReference; lastKnownFileType = file.storyboard; name = id; path = id.lproj/Main.storyboard; sourceTree = "<group>"; };
		D5CEF9DC26EB4A2C00A5DAC6 /* en */ = {isa = PBXFileReference; lastKnownFileType = text.plist.strings; name = en; path = en.lproj/Localizable.strings; sourceTree = "<group>"; };
		D5CEF9DE26EB4A3200A5DAC6 /* id */ = {isa = PBXFileReference; lastKnownFileType = text.plist.strings; name = id; path = id.lproj/Localizable.strings; sourceTree = "<group>"; };
		D5CF9F4626E5DA1600FD3AA7 /* EditThumbView.swift */ = {isa = PBXFileReference; lastKnownFileType = sourcecode.swift; path = EditThumbView.swift; sourceTree = "<group>"; };
		D5CF9F4C26E612BB00FD3AA7 /* Character+Extensions.swift */ = {isa = PBXFileReference; lastKnownFileType = sourcecode.swift; path = "Character+Extensions.swift"; sourceTree = "<group>"; };
		D5CF9F4E26E612E900FD3AA7 /* String+Extension.swift */ = {isa = PBXFileReference; lastKnownFileType = sourcecode.swift; path = "String+Extension.swift"; sourceTree = "<group>"; };
		D5D2697326FA2B8D002E72BC /* Base */ = {isa = PBXFileReference; lastKnownFileType = file.storyboard; name = Base; path = Base.lproj/Main.storyboard; sourceTree = "<group>"; };
		D5DC6B7C26422FC300414B30 /* Launch Screen.storyboard */ = {isa = PBXFileReference; lastKnownFileType = file.storyboard; path = "Launch Screen.storyboard"; sourceTree = "<group>"; };
		D5DC6B7E2642305300414B30 /* OrangeTextField.swift */ = {isa = PBXFileReference; lastKnownFileType = sourcecode.swift; path = OrangeTextField.swift; sourceTree = "<group>"; };
		D5EB799F26E234D100ED69DA /* MoneyConversionInput.swift */ = {isa = PBXFileReference; lastKnownFileType = sourcecode.swift; path = MoneyConversionInput.swift; sourceTree = "<group>"; };
		D5FA484D26E48688001F9CA0 /* UserDefaultsModel.swift */ = {isa = PBXFileReference; lastKnownFileType = sourcecode.swift; path = UserDefaultsModel.swift; sourceTree = "<group>"; };
/* End PBXFileReference section */

/* Begin PBXFrameworksBuildPhase section */
		D529A75626391F93009D118A /* Frameworks */ = {
			isa = PBXFrameworksBuildPhase;
			buildActionMask = 2147483647;
			files = (
			);
			runOnlyForDeploymentPostprocessing = 0;
		};
/* End PBXFrameworksBuildPhase section */

/* Begin PBXGroup section */
		D50D40EF26FE17920022B053 /* Reusables */ = {
			isa = PBXGroup;
			children = (
				D50D40F026FE17A70022B053 /* InfoView.swift */,
			);
			path = Reusables;
			sourceTree = "<group>";
		};
		D529A75026391F93009D118A = {
			isa = PBXGroup;
			children = (
				D529A75B26391F93009D118A /* Trallet */,
				D529A75A26391F93009D118A /* Products */,
			);
			sourceTree = "<group>";
		};
		D529A75A26391F93009D118A /* Products */ = {
			isa = PBXGroup;
			children = (
				D529A75926391F93009D118A /* Trallet.app */,
			);
			name = Products;
			sourceTree = "<group>";
		};
		D529A75B26391F93009D118A /* Trallet */ = {
			isa = PBXGroup;
			children = (
				D536C41026D39B380030E704 /* Utility */,
				D5B8E97D263A630900BC192F /* Supporting Files */,
				D5B8E97C263A62F500BC192F /* Models */,
				D54260DF26D0D604004208E9 /* SwiftUI Modules */,
				D54260D926D0D4FF004208E9 /* Legacy Files */,
			);
			path = Trallet;
			sourceTree = "<group>";
		};
		D5305BEF26D660A600C70065 /* WalletFormFields */ = {
			isa = PBXGroup;
			children = (
				D5305BF026D660C300C70065 /* ThumbAndName.swift */,
				D5005CD526E22A6C00F482B0 /* AmountMoneyInput.swift */,
				D5005CD726E22EA400F482B0 /* CurrencyTextField.swift */,
				D5EB799F26E234D100ED69DA /* MoneyConversionInput.swift */,
			);
			path = WalletFormFields;
			sourceTree = "<group>";
		};
		D5358A57263E6A6B00332F7A /* Transaction History Table Set */ = {
			isa = PBXGroup;
			children = (
				D5358A59263E6AC300332F7A /* TransactionHistoryCell.xib */,
				D5358A5C263EA10000332F7A /* TransactionHistoryHeader.xib */,
				D5358A60263EB91400332F7A /* TransactionFooter.xib */,
			);
			path = "Transaction History Table Set";
			sourceTree = "<group>";
		};
		D5358A62263EF94200332F7A /* New Wallet View */ = {
			isa = PBXGroup;
			children = (
				D5B8E99E263A8D3400BC192F /* NewWalletHeaderCell.swift */,
				D5B8E9A1263A966300BC192F /* SwitchCell.swift */,
				D5664E0C263C0D6200DCB7F6 /* AmountMoneyCell.swift */,
				D51B2ED7263C4522004D5413 /* MoneyConversionCell.swift */,
			);
			path = "New Wallet View";
			sourceTree = "<group>";
		};
		D5358A63263EF9AD00332F7A /* Wallet Status View */ = {
			isa = PBXGroup;
			children = (
				D5358A58263E6AC300332F7A /* TransactionHistoryCell.swift */,
				D5664E08263BF08500DCB7F6 /* WalletStatusCell.swift */,
			);
			path = "Wallet Status View";
			sourceTree = "<group>";
		};
		D536C40B26D39A050030E704 /* NewWallet */ = {
			isa = PBXGroup;
			children = (
				D536C40F26D39A260030E704 /* ViewModel */,
				D536C40E26D39A1E0030E704 /* View */,
			);
			path = NewWallet;
			sourceTree = "<group>";
		};
		D536C40E26D39A1E0030E704 /* View */ = {
			isa = PBXGroup;
			children = (
				D5305BEF26D660A600C70065 /* WalletFormFields */,
				D536C40C26D39A190030E704 /* AddEditWalletView.swift */,
			);
			path = View;
			sourceTree = "<group>";
		};
		D536C40F26D39A260030E704 /* ViewModel */ = {
			isa = PBXGroup;
			children = (
				D536C41426D39CEB0030E704 /* AddEditWalletViewModel.swift */,
			);
			path = ViewModel;
			sourceTree = "<group>";
		};
		D536C41026D39B380030E704 /* Utility */ = {
			isa = PBXGroup;
			children = (
				D5CEF9D826EB498000A5DAC6 /* Localization */,
				D5CF9F4B26E5F74000FD3AA7 /* Extensions */,
				D5CF9F4A26E5F65700FD3AA7 /* Reusables */,
				D536C41126D39B3E0030E704 /* Container */,
			);
			path = Utility;
			sourceTree = "<group>";
		};
		D536C41126D39B3E0030E704 /* Container */ = {
			isa = PBXGroup;
			children = (
				D54260E426D120B3004208E9 /* UIBackgroundContainer.swift */,
				D536C41226D39B570030E704 /* NavigationContainer.swift */,
			);
			path = Container;
			sourceTree = "<group>";
		};
		D536C41626D3A6450030E704 /* WalletInfo */ = {
			isa = PBXGroup;
			children = (
				D55DF32426EB3E3900FBF829 /* ViewModel */,
				D54DB08826EA1423001A42CE /* View */,
			);
			path = WalletInfo;
			sourceTree = "<group>";
		};
		D54260D926D0D4FF004208E9 /* Legacy Files */ = {
			isa = PBXGroup;
			children = (
				D5B8E978263A629800BC192F /* Views */,
				D5B8E97A263A62E200BC192F /* Controllers */,
			);
			path = "Legacy Files";
			sourceTree = "<group>";
		};
		D54260DF26D0D604004208E9 /* SwiftUI Modules */ = {
			isa = PBXGroup;
			children = (
				D536C41626D3A6450030E704 /* WalletInfo */,
				D536C40B26D39A050030E704 /* NewWallet */,
				D5CF9F4526E5D9FA00FD3AA7 /* EditWalletThumbnail */,
				D5BAB34226D260F7004D51C0 /* MyWallets */,
			);
			path = "SwiftUI Modules";
			sourceTree = "<group>";
		};
		D54DB08826EA1423001A42CE /* View */ = {
			isa = PBXGroup;
			children = (
				D50D40EF26FE17920022B053 /* Reusables */,
				D536C41726D3A65D0030E704 /* WalletInfoView.swift */,
			);
			path = View;
			sourceTree = "<group>";
		};
		D55DF32426EB3E3900FBF829 /* ViewModel */ = {
			isa = PBXGroup;
			children = (
				D55DF32526EB3E7000FBF829 /* WalletInfoViewModel.swift */,
			);
			path = ViewModel;
			sourceTree = "<group>";
		};
		D5A1F47F26403968004B037E /* New Transaction View */ = {
			isa = PBXGroup;
			children = (
				D5B8E9A4263A96A900BC192F /* DateTimePickerCell.swift */,
				D5A1F47B263FCC38004B037E /* TransactionAmountSpentCell.swift */,
				D5A1F47D263FE667004B037E /* TransactionNotesCell.swift */,
				D5A1F48026404425004B037E /* AttachmentCell.swift */,
			);
			path = "New Transaction View";
			sourceTree = "<group>";
		};
		D5B8E978263A629800BC192F /* Views */ = {
			isa = PBXGroup;
			children = (
				D5358A57263E6A6B00332F7A /* Transaction History Table Set */,
				D529A76226391F93009D118A /* Main.storyboard */,
				D5DC6B7C26422FC300414B30 /* Launch Screen.storyboard */,
				D5CCAF60264E6DF100002F9D /* AnnotationView.xib */,
			);
			path = Views;
			sourceTree = "<group>";
		};
		D5B8E97A263A62E200BC192F /* Controllers */ = {
			isa = PBXGroup;
			children = (
				D5B8E998263A8CD800BC192F /* Custom View */,
				D529A76026391F93009D118A /* TripWallets.swift */,
				D5B8E984263A652100BC192F /* NewWalletController.swift */,
				D5B8E987263A676E00BC192F /* WalletThumbnailController.swift */,
				D5B8E98A263A69C600BC192F /* WalletDetailController.swift */,
				D5B8E98D263A6B1C00BC192F /* NewTransactionController.swift */,
				D5B8E990263A6B4600BC192F /* TransactionCategoriesController.swift */,
				D560D14226412FA800F284BB /* TransactionDetailController.swift */,
				D52165F0264920430038BAD1 /* SelectLocationViewController.swift */,
			);
			path = Controllers;
			sourceTree = "<group>";
		};
		D5B8E97C263A62F500BC192F /* Models */ = {
			isa = PBXGroup;
			children = (
				D529A76526391F93009D118A /* Trallet.xcdatamodeld */,
				D54F1050263C5FC500E42BCF /* CoreDataHelper.swift */,
				D5358A55263DA21800332F7A /* JSONModel.swift */,
				D530CC382649601100A0F6AF /* LocationManager.swift */,
				D5005CD326E1F1F200F482B0 /* TralletStorage.swift */,
				D5FA484D26E48688001F9CA0 /* UserDefaultsModel.swift */,
			);
			path = Models;
			sourceTree = "<group>";
		};
		D5B8E97D263A630900BC192F /* Supporting Files */ = {
			isa = PBXGroup;
			children = (
				D529A75C26391F93009D118A /* AppDelegate.swift */,
				D529A75E26391F93009D118A /* SceneDelegate.swift */,
				D529A76826391F95009D118A /* Assets.xcassets */,
				D529A76D26391F95009D118A /* Info.plist */,
			);
			path = "Supporting Files";
			sourceTree = "<group>";
		};
		D5B8E998263A8CD800BC192F /* Custom View */ = {
			isa = PBXGroup;
			children = (
				D5B8E999263A8CE900BC192F /* TableView */,
				D5B8E99A263A8D1100BC192F /* CircleThumbnailView.swift */,
				D5B8E9A7263ABC2500BC192F /* CircularButton.swift */,
				D51B2ED5263C19B2004D5413 /* CurrencyPicker.swift */,
				D560D140264105EB00F284BB /* TableCollectionViewExtension.swift */,
				D5DC6B7E2642305300414B30 /* OrangeTextField.swift */,
			);
			path = "Custom View";
			sourceTree = "<group>";
		};
		D5B8E999263A8CE900BC192F /* TableView */ = {
			isa = PBXGroup;
			children = (
				D5664E0A263C062600DCB7F6 /* WalletCell.swift */,
				D5358A62263EF94200332F7A /* New Wallet View */,
				D5358A63263EF9AD00332F7A /* Wallet Status View */,
				D5A1F47F26403968004B037E /* New Transaction View */,
			);
			path = TableView;
			sourceTree = "<group>";
		};
		D5BAB34226D260F7004D51C0 /* MyWallets */ = {
			isa = PBXGroup;
			children = (
				D5BAB34626D2641A004D51C0 /* View */,
				D5BAB34526D26410004D51C0 /* ViewModel */,
			);
			path = MyWallets;
			sourceTree = "<group>";
		};
		D5BAB34526D26410004D51C0 /* ViewModel */ = {
			isa = PBXGroup;
			children = (
				D5BAB34326D2611F004D51C0 /* MyWalletsViewModel.swift */,
				D5305BEB26D65E9A00C70065 /* WalletRowViewModel.swift */,
			);
			path = ViewModel;
			sourceTree = "<group>";
		};
		D5BAB34626D2641A004D51C0 /* View */ = {
			isa = PBXGroup;
			children = (
				D5BAB34726D265C9004D51C0 /* WalletRow */,
				D54260E026D0D626004208E9 /* MyWalletsView.swift */,
			);
			path = View;
			sourceTree = "<group>";
		};
		D5BAB34726D265C9004D51C0 /* WalletRow */ = {
			isa = PBXGroup;
			children = (
				D5BAB34826D265E3004D51C0 /* WalletRowInline.swift */,
				D5305BED26D65EC600C70065 /* WalletRowGrid.swift */,
			);
			path = WalletRow;
			sourceTree = "<group>";
		};
		D5CEF9D826EB498000A5DAC6 /* Localization */ = {
			isa = PBXGroup;
			children = (
				D5CEF9DD26EB4A2C00A5DAC6 /* Localizable.strings */,
			);
			path = Localization;
			sourceTree = "<group>";
		};
		D5CF9F4526E5D9FA00FD3AA7 /* EditWalletThumbnail */ = {
			isa = PBXGroup;
			children = (
				D5CF9F4626E5DA1600FD3AA7 /* EditThumbView.swift */,
			);
			path = EditWalletThumbnail;
			sourceTree = "<group>";
		};
		D5CF9F4A26E5F65700FD3AA7 /* Reusables */ = {
			isa = PBXGroup;
			children = (
				D5C372EE26D28D73003674B2 /* ThumbnailSquare.swift */,
			);
			path = Reusables;
			sourceTree = "<group>";
		};
		D5CF9F4B26E5F74000FD3AA7 /* Extensions */ = {
			isa = PBXGroup;
			children = (
				D5CF9F4C26E612BB00FD3AA7 /* Character+Extensions.swift */,
				D5CF9F4E26E612E900FD3AA7 /* String+Extension.swift */,
			);
			path = Extensions;
			sourceTree = "<group>";
		};
/* End PBXGroup section */

/* Begin PBXNativeTarget section */
		D529A75826391F93009D118A /* Trallet */ = {
			isa = PBXNativeTarget;
			buildConfigurationList = D529A77026391F95009D118A /* Build configuration list for PBXNativeTarget "Trallet" */;
			buildPhases = (
				D529A75526391F93009D118A /* Sources */,
				D529A75626391F93009D118A /* Frameworks */,
				D529A75726391F93009D118A /* Resources */,
			);
			buildRules = (
			);
			dependencies = (
			);
			name = Trallet;
			productName = Trallet;
			productReference = D529A75926391F93009D118A /* Trallet.app */;
			productType = "com.apple.product-type.application";
		};
/* End PBXNativeTarget section */

/* Begin PBXProject section */
		D529A75126391F93009D118A /* Project object */ = {
			isa = PBXProject;
			attributes = {
				LastSwiftUpdateCheck = 1240;
				LastUpgradeCheck = 1240;
				TargetAttributes = {
					D529A75826391F93009D118A = {
						CreatedOnToolsVersion = 12.4;
					};
				};
			};
			buildConfigurationList = D529A75426391F93009D118A /* Build configuration list for PBXProject "Trallet" */;
			compatibilityVersion = "Xcode 9.3";
			developmentRegion = en;
			hasScannedForEncodings = 0;
			knownRegions = (
				en,
				id,
				Base,
			);
			mainGroup = D529A75026391F93009D118A;
			productRefGroup = D529A75A26391F93009D118A /* Products */;
			projectDirPath = "";
			projectRoot = "";
			targets = (
				D529A75826391F93009D118A /* Trallet */,
			);
		};
/* End PBXProject section */

/* Begin PBXResourcesBuildPhase section */
		D529A75726391F93009D118A /* Resources */ = {
			isa = PBXResourcesBuildPhase;
			buildActionMask = 2147483647;
			files = (
				D5358A61263EB91400332F7A /* TransactionFooter.xib in Resources */,
				D529A76926391F95009D118A /* Assets.xcassets in Resources */,
				D529A76426391F93009D118A /* Main.storyboard in Resources */,
				D5CCAF61264E6DF100002F9D /* AnnotationView.xib in Resources */,
				D5358A5D263EA10000332F7A /* TransactionHistoryHeader.xib in Resources */,
				D5CEF9DB26EB4A2C00A5DAC6 /* Localizable.strings in Resources */,
				D5358A5B263E6AC300332F7A /* TransactionHistoryCell.xib in Resources */,
				D5DC6B7D26422FC300414B30 /* Launch Screen.storyboard in Resources */,
			);
			runOnlyForDeploymentPostprocessing = 0;
		};
/* End PBXResourcesBuildPhase section */

/* Begin PBXSourcesBuildPhase section */
		D529A75526391F93009D118A /* Sources */ = {
			isa = PBXSourcesBuildPhase;
			buildActionMask = 2147483647;
			files = (
				D536C41826D3A65D0030E704 /* WalletInfoView.swift in Sources */,
				D5005CD626E22A6C00F482B0 /* AmountMoneyInput.swift in Sources */,
				D5005CD426E1F1F200F482B0 /* TralletStorage.swift in Sources */,
				D52165F1264920430038BAD1 /* SelectLocationViewController.swift in Sources */,
				D529A76726391F93009D118A /* Trallet.xcdatamodeld in Sources */,
				D530CC392649601100A0F6AF /* LocationManager.swift in Sources */,
				D5B8E98B263A69C600BC192F /* WalletDetailController.swift in Sources */,
				D529A76126391F93009D118A /* TripWallets.swift in Sources */,
				D5358A5A263E6AC300332F7A /* TransactionHistoryCell.swift in Sources */,
				D529A75D26391F93009D118A /* AppDelegate.swift in Sources */,
				D5664E0B263C062600DCB7F6 /* WalletCell.swift in Sources */,
				D5BAB34426D2611F004D51C0 /* MyWalletsViewModel.swift in Sources */,
				D5B8E988263A676E00BC192F /* WalletThumbnailController.swift in Sources */,
				D54260E526D120B3004208E9 /* UIBackgroundContainer.swift in Sources */,
				D51B2ED6263C19B2004D5413 /* CurrencyPicker.swift in Sources */,
				D5664E09263BF08500DCB7F6 /* WalletStatusCell.swift in Sources */,
				D54260E126D0D626004208E9 /* MyWalletsView.swift in Sources */,
				D5DC6B7F2642305300414B30 /* OrangeTextField.swift in Sources */,
				D5B8E9A2263A966300BC192F /* SwitchCell.swift in Sources */,
				D536C40D26D39A190030E704 /* AddEditWalletView.swift in Sources */,
				D51B2ED8263C4522004D5413 /* MoneyConversionCell.swift in Sources */,
				D560D14326412FA800F284BB /* TransactionDetailController.swift in Sources */,
				D5C372EF26D28D73003674B2 /* ThumbnailSquare.swift in Sources */,
				D54F1051263C5FC500E42BCF /* CoreDataHelper.swift in Sources */,
				D5A1F47E263FE667004B037E /* TransactionNotesCell.swift in Sources */,
				D5CF9F4F26E612E900FD3AA7 /* String+Extension.swift in Sources */,
				D5358A56263DA21800332F7A /* JSONModel.swift in Sources */,
				D5A1F47C263FCC38004B037E /* TransactionAmountSpentCell.swift in Sources */,
				D5B8E9A8263ABC2500BC192F /* CircularButton.swift in Sources */,
				D536C41326D39B570030E704 /* NavigationContainer.swift in Sources */,
				D5EB79A026E234D100ED69DA /* MoneyConversionInput.swift in Sources */,
				D5B8E9A5263A96A900BC192F /* DateTimePickerCell.swift in Sources */,
				D5305BEE26D65EC600C70065 /* WalletRowGrid.swift in Sources */,
				D5B8E98E263A6B1C00BC192F /* NewTransactionController.swift in Sources */,
				D5CF9F4D26E612BB00FD3AA7 /* Character+Extensions.swift in Sources */,
				D5A1F48126404425004B037E /* AttachmentCell.swift in Sources */,
				D5FA484E26E48688001F9CA0 /* UserDefaultsModel.swift in Sources */,
				D5005CD826E22EA400F482B0 /* CurrencyTextField.swift in Sources */,
				D5305BF126D660C300C70065 /* ThumbAndName.swift in Sources */,
				D5664E0D263C0D6200DCB7F6 /* AmountMoneyCell.swift in Sources */,
				D529A75F26391F93009D118A /* SceneDelegate.swift in Sources */,
				D5305BEC26D65E9A00C70065 /* WalletRowViewModel.swift in Sources */,
				D5BAB34926D265E3004D51C0 /* WalletRowInline.swift in Sources */,
				D5B8E99B263A8D1100BC192F /* CircleThumbnailView.swift in Sources */,
				D50D40F126FE17A70022B053 /* InfoView.swift in Sources */,
				D5B8E99F263A8D3400BC192F /* NewWalletHeaderCell.swift in Sources */,
				D536C41526D39CEB0030E704 /* AddEditWalletViewModel.swift in Sources */,
				D560D141264105EB00F284BB /* TableCollectionViewExtension.swift in Sources */,
				D5B8E991263A6B4700BC192F /* TransactionCategoriesController.swift in Sources */,
				D55DF32626EB3E7000FBF829 /* WalletInfoViewModel.swift in Sources */,
				D5B8E985263A652100BC192F /* NewWalletController.swift in Sources */,
				D5CF9F4726E5DA1600FD3AA7 /* EditThumbView.swift in Sources */,
			);
			runOnlyForDeploymentPostprocessing = 0;
		};
/* End PBXSourcesBuildPhase section */

/* Begin PBXVariantGroup section */
		D529A76226391F93009D118A /* Main.storyboard */ = {
			isa = PBXVariantGroup;
			children = (
				D5CEF9D726EB495B00A5DAC6 /* id */,
				D5D2697326FA2B8D002E72BC /* Base */,
			);
			name = Main.storyboard;
			sourceTree = "<group>";
		};
		D5CEF9DD26EB4A2C00A5DAC6 /* Localizable.strings */ = {
			isa = PBXVariantGroup;
			children = (
				D5CEF9DC26EB4A2C00A5DAC6 /* en */,
				D5CEF9DE26EB4A3200A5DAC6 /* id */,
			);
			name = Localizable.strings;
			sourceTree = "<group>";
		};
/* End PBXVariantGroup section */

/* Begin XCBuildConfiguration section */
		D529A76E26391F95009D118A /* Debug */ = {
			isa = XCBuildConfiguration;
			buildSettings = {
				ALWAYS_SEARCH_USER_PATHS = NO;
				CLANG_ANALYZER_LOCALIZABILITY_NONLOCALIZED = YES;
				CLANG_ANALYZER_NONNULL = YES;
				CLANG_ANALYZER_NUMBER_OBJECT_CONVERSION = YES_AGGRESSIVE;
				CLANG_CXX_LANGUAGE_STANDARD = "gnu++14";
				CLANG_CXX_LIBRARY = "libc++";
				CLANG_ENABLE_MODULES = YES;
				CLANG_ENABLE_OBJC_ARC = YES;
				CLANG_ENABLE_OBJC_WEAK = YES;
				CLANG_WARN_BLOCK_CAPTURE_AUTORELEASING = YES;
				CLANG_WARN_BOOL_CONVERSION = YES;
				CLANG_WARN_COMMA = YES;
				CLANG_WARN_CONSTANT_CONVERSION = YES;
				CLANG_WARN_DEPRECATED_OBJC_IMPLEMENTATIONS = YES;
				CLANG_WARN_DIRECT_OBJC_ISA_USAGE = YES_ERROR;
				CLANG_WARN_DOCUMENTATION_COMMENTS = YES;
				CLANG_WARN_EMPTY_BODY = YES;
				CLANG_WARN_ENUM_CONVERSION = YES;
				CLANG_WARN_INFINITE_RECURSION = YES;
				CLANG_WARN_INT_CONVERSION = YES;
				CLANG_WARN_NON_LITERAL_NULL_CONVERSION = YES;
				CLANG_WARN_OBJC_IMPLICIT_RETAIN_SELF = YES;
				CLANG_WARN_OBJC_LITERAL_CONVERSION = YES;
				CLANG_WARN_OBJC_ROOT_CLASS = YES_ERROR;
				CLANG_WARN_QUOTED_INCLUDE_IN_FRAMEWORK_HEADER = YES;
				CLANG_WARN_RANGE_LOOP_ANALYSIS = YES;
				CLANG_WARN_STRICT_PROTOTYPES = YES;
				CLANG_WARN_SUSPICIOUS_MOVE = YES;
				CLANG_WARN_UNGUARDED_AVAILABILITY = YES_AGGRESSIVE;
				CLANG_WARN_UNREACHABLE_CODE = YES;
				CLANG_WARN__DUPLICATE_METHOD_MATCH = YES;
				COPY_PHASE_STRIP = NO;
				DEBUG_INFORMATION_FORMAT = dwarf;
				ENABLE_STRICT_OBJC_MSGSEND = YES;
				ENABLE_TESTABILITY = YES;
				GCC_C_LANGUAGE_STANDARD = gnu11;
				GCC_DYNAMIC_NO_PIC = NO;
				GCC_NO_COMMON_BLOCKS = YES;
				GCC_OPTIMIZATION_LEVEL = 0;
				GCC_PREPROCESSOR_DEFINITIONS = (
					"DEBUG=1",
					"$(inherited)",
				);
				GCC_WARN_64_TO_32_BIT_CONVERSION = YES;
				GCC_WARN_ABOUT_RETURN_TYPE = YES_ERROR;
				GCC_WARN_UNDECLARED_SELECTOR = YES;
				GCC_WARN_UNINITIALIZED_AUTOS = YES_AGGRESSIVE;
				GCC_WARN_UNUSED_FUNCTION = YES;
				GCC_WARN_UNUSED_VARIABLE = YES;
				IPHONEOS_DEPLOYMENT_TARGET = 15.0;
				MTL_ENABLE_DEBUG_INFO = INCLUDE_SOURCE;
				MTL_FAST_MATH = YES;
				ONLY_ACTIVE_ARCH = YES;
				SDKROOT = iphoneos;
				SWIFT_ACTIVE_COMPILATION_CONDITIONS = DEBUG;
				SWIFT_OPTIMIZATION_LEVEL = "-Onone";
			};
			name = Debug;
		};
		D529A76F26391F95009D118A /* Release */ = {
			isa = XCBuildConfiguration;
			buildSettings = {
				ALWAYS_SEARCH_USER_PATHS = NO;
				CLANG_ANALYZER_LOCALIZABILITY_NONLOCALIZED = YES;
				CLANG_ANALYZER_NONNULL = YES;
				CLANG_ANALYZER_NUMBER_OBJECT_CONVERSION = YES_AGGRESSIVE;
				CLANG_CXX_LANGUAGE_STANDARD = "gnu++14";
				CLANG_CXX_LIBRARY = "libc++";
				CLANG_ENABLE_MODULES = YES;
				CLANG_ENABLE_OBJC_ARC = YES;
				CLANG_ENABLE_OBJC_WEAK = YES;
				CLANG_WARN_BLOCK_CAPTURE_AUTORELEASING = YES;
				CLANG_WARN_BOOL_CONVERSION = YES;
				CLANG_WARN_COMMA = YES;
				CLANG_WARN_CONSTANT_CONVERSION = YES;
				CLANG_WARN_DEPRECATED_OBJC_IMPLEMENTATIONS = YES;
				CLANG_WARN_DIRECT_OBJC_ISA_USAGE = YES_ERROR;
				CLANG_WARN_DOCUMENTATION_COMMENTS = YES;
				CLANG_WARN_EMPTY_BODY = YES;
				CLANG_WARN_ENUM_CONVERSION = YES;
				CLANG_WARN_INFINITE_RECURSION = YES;
				CLANG_WARN_INT_CONVERSION = YES;
				CLANG_WARN_NON_LITERAL_NULL_CONVERSION = YES;
				CLANG_WARN_OBJC_IMPLICIT_RETAIN_SELF = YES;
				CLANG_WARN_OBJC_LITERAL_CONVERSION = YES;
				CLANG_WARN_OBJC_ROOT_CLASS = YES_ERROR;
				CLANG_WARN_QUOTED_INCLUDE_IN_FRAMEWORK_HEADER = YES;
				CLANG_WARN_RANGE_LOOP_ANALYSIS = YES;
				CLANG_WARN_STRICT_PROTOTYPES = YES;
				CLANG_WARN_SUSPICIOUS_MOVE = YES;
				CLANG_WARN_UNGUARDED_AVAILABILITY = YES_AGGRESSIVE;
				CLANG_WARN_UNREACHABLE_CODE = YES;
				CLANG_WARN__DUPLICATE_METHOD_MATCH = YES;
				COPY_PHASE_STRIP = NO;
				DEBUG_INFORMATION_FORMAT = "dwarf-with-dsym";
				ENABLE_NS_ASSERTIONS = NO;
				ENABLE_STRICT_OBJC_MSGSEND = YES;
				GCC_C_LANGUAGE_STANDARD = gnu11;
				GCC_NO_COMMON_BLOCKS = YES;
				GCC_WARN_64_TO_32_BIT_CONVERSION = YES;
				GCC_WARN_ABOUT_RETURN_TYPE = YES_ERROR;
				GCC_WARN_UNDECLARED_SELECTOR = YES;
				GCC_WARN_UNINITIALIZED_AUTOS = YES_AGGRESSIVE;
				GCC_WARN_UNUSED_FUNCTION = YES;
				GCC_WARN_UNUSED_VARIABLE = YES;
				IPHONEOS_DEPLOYMENT_TARGET = 15.0;
				MTL_ENABLE_DEBUG_INFO = NO;
				MTL_FAST_MATH = YES;
				SDKROOT = iphoneos;
				SWIFT_COMPILATION_MODE = wholemodule;
				SWIFT_OPTIMIZATION_LEVEL = "-O";
				VALIDATE_PRODUCT = YES;
			};
			name = Release;
		};
		D529A77126391F95009D118A /* Debug */ = {
			isa = XCBuildConfiguration;
			buildSettings = {
				ASSETCATALOG_COMPILER_APPICON_NAME = AppIcon;
				ASSETCATALOG_COMPILER_GLOBAL_ACCENT_COLOR_NAME = AccentColor;
				CODE_SIGN_STYLE = Automatic;
				DEVELOPMENT_TEAM = SCZQ3M4JVY;
				INFOPLIST_FILE = "Trallet/Supporting Files/Info.plist";
				LD_RUNPATH_SEARCH_PATHS = (
					"$(inherited)",
					"@executable_path/Frameworks",
				);
				MARKETING_VERSION = 0.1.0;
				PRODUCT_BUNDLE_IDENTIFIER = com.nkwxn.Trallet;
				PRODUCT_NAME = "$(TARGET_NAME)";
				SWIFT_VERSION = 5.0;
				TARGETED_DEVICE_FAMILY = "1,2";
			};
			name = Debug;
		};
		D529A77226391F95009D118A /* Release */ = {
			isa = XCBuildConfiguration;
			buildSettings = {
				ASSETCATALOG_COMPILER_APPICON_NAME = AppIcon;
				ASSETCATALOG_COMPILER_GLOBAL_ACCENT_COLOR_NAME = AccentColor;
				CODE_SIGN_STYLE = Automatic;
				DEVELOPMENT_TEAM = SCZQ3M4JVY;
				INFOPLIST_FILE = "Trallet/Supporting Files/Info.plist";
				LD_RUNPATH_SEARCH_PATHS = (
					"$(inherited)",
					"@executable_path/Frameworks",
				);
				MARKETING_VERSION = 0.1.0;
				PRODUCT_BUNDLE_IDENTIFIER = com.nkwxn.Trallet;
				PRODUCT_NAME = "$(TARGET_NAME)";
				SWIFT_VERSION = 5.0;
				TARGETED_DEVICE_FAMILY = "1,2";
			};
			name = Release;
		};
/* End XCBuildConfiguration section */

/* Begin XCConfigurationList section */
		D529A75426391F93009D118A /* Build configuration list for PBXProject "Trallet" */ = {
			isa = XCConfigurationList;
			buildConfigurations = (
				D529A76E26391F95009D118A /* Debug */,
				D529A76F26391F95009D118A /* Release */,
			);
			defaultConfigurationIsVisible = 0;
			defaultConfigurationName = Release;
		};
		D529A77026391F95009D118A /* Build configuration list for PBXNativeTarget "Trallet" */ = {
			isa = XCConfigurationList;
			buildConfigurations = (
				D529A77126391F95009D118A /* Debug */,
				D529A77226391F95009D118A /* Release */,
			);
			defaultConfigurationIsVisible = 0;
			defaultConfigurationName = Release;
		};
/* End XCConfigurationList section */

/* Begin XCVersionGroup section */
		D529A76526391F93009D118A /* Trallet.xcdatamodeld */ = {
			isa = XCVersionGroup;
			children = (
				D529A76626391F93009D118A /* Trallet.xcdatamodel */,
			);
			currentVersion = D529A76626391F93009D118A /* Trallet.xcdatamodel */;
			path = Trallet.xcdatamodeld;
			sourceTree = "<group>";
			versionGroupType = wrapper.xcdatamodel;
		};
/* End XCVersionGroup section */
	};
	rootObject = D529A75126391F93009D118A /* Project object */;
}
